// !$*UTF8*$!
{
	archiveVersion = 1;
	classes = {
	};
	objectVersion = 50;
	objects = {

/* Begin PBXBuildFile section */
		AF90CB69244919960083C6B5 /* AppDelegate.swift in Sources */ = {isa = PBXBuildFile; fileRef = AF90CB68244919960083C6B5 /* AppDelegate.swift */; };
		AF90CB6B244919960083C6B5 /* SceneDelegate.swift in Sources */ = {isa = PBXBuildFile; fileRef = AF90CB6A244919960083C6B5 /* SceneDelegate.swift */; };
		AF90CB6D244919960083C6B5 /* ViewController.swift in Sources */ = {isa = PBXBuildFile; fileRef = AF90CB6C244919960083C6B5 /* ViewController.swift */; };
		AF90CB70244919960083C6B5 /* Main.storyboard in Resources */ = {isa = PBXBuildFile; fileRef = AF90CB6E244919960083C6B5 /* Main.storyboard */; };
		AF90CB72244919970083C6B5 /* Assets.xcassets in Resources */ = {isa = PBXBuildFile; fileRef = AF90CB71244919970083C6B5 /* Assets.xcassets */; };
		AF90CB75244919970083C6B5 /* LaunchScreen.storyboard in Resources */ = {isa = PBXBuildFile; fileRef = AF90CB73244919970083C6B5 /* LaunchScreen.storyboard */; };
		AFDA97E1244A481F00D6962D /* Question.swift in Sources */ = {isa = PBXBuildFile; fileRef = AFDA97E0244A481F00D6962D /* Question.swift */; };
		AFDA97E6244A552100D6962D /* QuizBrain.swift in Sources */ = {isa = PBXBuildFile; fileRef = AFDA97E5244A552100D6962D /* QuizBrain.swift */; };
/* End PBXBuildFile section */

/* Begin PBXFileReference section */
		AF90CB65244919960083C6B5 /* quizzler-app.app */ = {isa = PBXFileReference; explicitFileType = wrapper.application; includeInIndex = 0; path = "quizzler-app.app"; sourceTree = BUILT_PRODUCTS_DIR; };
		AF90CB68244919960083C6B5 /* AppDelegate.swift */ = {isa = PBXFileReference; lastKnownFileType = sourcecode.swift; path = AppDelegate.swift; sourceTree = "<group>"; };
		AF90CB6A244919960083C6B5 /* SceneDelegate.swift */ = {isa = PBXFileReference; lastKnownFileType = sourcecode.swift; path = SceneDelegate.swift; sourceTree = "<group>"; };
		AF90CB6C244919960083C6B5 /* ViewController.swift */ = {isa = PBXFileReference; lastKnownFileType = sourcecode.swift; path = ViewController.swift; sourceTree = "<group>"; };
		AF90CB6F244919960083C6B5 /* Base */ = {isa = PBXFileReference; lastKnownFileType = file.storyboard; name = Base; path = Base.lproj/Main.storyboard; sourceTree = "<group>"; };
		AF90CB71244919970083C6B5 /* Assets.xcassets */ = {isa = PBXFileReference; lastKnownFileType = folder.assetcatalog; path = Assets.xcassets; sourceTree = "<group>"; };
		AF90CB74244919970083C6B5 /* Base */ = {isa = PBXFileReference; lastKnownFileType = file.storyboard; name = Base; path = Base.lproj/LaunchScreen.storyboard; sourceTree = "<group>"; };
		AF90CB76244919970083C6B5 /* Info.plist */ = {isa = PBXFileReference; lastKnownFileType = text.plist.xml; path = Info.plist; sourceTree = "<group>"; };
		AFDA97E0244A481F00D6962D /* Question.swift */ = {isa = PBXFileReference; lastKnownFileType = sourcecode.swift; path = Question.swift; sourceTree = "<group>"; };
		AFDA97E5244A552100D6962D /* QuizBrain.swift */ = {isa = PBXFileReference; lastKnownFileType = sourcecode.swift; path = QuizBrain.swift; sourceTree = "<group>"; };
/* End PBXFileReference section */

/* Begin PBXFrameworksBuildPhase section */
		AF90CB62244919960083C6B5 /* Frameworks */ = {
			isa = PBXFrameworksBuildPhase;
			buildActionMask = 2147483647;
			files = (
			);
			runOnlyForDeploymentPostprocessing = 0;
		};
/* End PBXFrameworksBuildPhase section */

/* Begin PBXGroup section */
		AF90CB5C244919960083C6B5 = {
			isa = PBXGroup;
			children = (
				AF90CB67244919960083C6B5 /* quizzler-app */,
				AF90CB66244919960083C6B5 /* Products */,
			);
			sourceTree = "<group>";
		};
		AF90CB66244919960083C6B5 /* Products */ = {
			isa = PBXGroup;
			children = (
				AF90CB65244919960083C6B5 /* quizzler-app.app */,
			);
			name = Products;
			sourceTree = "<group>";
		};
		AF90CB67244919960083C6B5 /* quizzler-app */ = {
			isa = PBXGroup;
			children = (
				AF90CB68244919960083C6B5 /* AppDelegate.swift */,
				AF90CB6A244919960083C6B5 /* SceneDelegate.swift */,
				AFDA97E4244A54D000D6962D /* Controller */,
				AFDA97E3244A54C600D6962D /* View */,
				AF90CB71244919970083C6B5 /* Assets.xcassets */,
				AF90CB73244919970083C6B5 /* LaunchScreen.storyboard */,
				AF90CB76244919970083C6B5 /* Info.plist */,
				AFDA97E2244A54B700D6962D /* Model */,
			);
			path = "quizzler-app";
			sourceTree = "<group>";
		};
		AFDA97E2244A54B700D6962D /* Model */ = {
			isa = PBXGroup;
			children = (
				AFDA97E0244A481F00D6962D /* Question.swift */,
				AFDA97E5244A552100D6962D /* QuizBrain.swift */,
			);
			path = Model;
			sourceTree = "<group>";
		};
		AFDA97E3244A54C600D6962D /* View */ = {
			isa = PBXGroup;
			children = (
				AF90CB6E244919960083C6B5 /* Main.storyboard */,
			);
			path = View;
			sourceTree = "<group>";
		};
		AFDA97E4244A54D000D6962D /* Controller */ = {
			isa = PBXGroup;
			children = (
				AF90CB6C244919960083C6B5 /* ViewController.swift */,
			);
			path = Controller;
			sourceTree = "<group>";
		};
/* End PBXGroup section */

/* Begin PBXNativeTarget section */
		AF90CB64244919960083C6B5 /* quizzler-app */ = {
			isa = PBXNativeTarget;
			buildConfigurationList = AF90CB79244919970083C6B5 /* Build configuration list for PBXNativeTarget "quizzler-app" */;
			buildPhases = (
				AF90CB61244919960083C6B5 /* Sources */,
				AF90CB62244919960083C6B5 /* Frameworks */,
				AF90CB63244919960083C6B5 /* Resources */,
			);
			buildRules = (
			);
			dependencies = (
			);
			name = "quizzler-app";
			productName = "quizzler-app";
			productReference = AF90CB65244919960083C6B5 /* quizzler-app.app */;
			productType = "com.apple.product-type.application";
		};
/* End PBXNativeTarget section */

/* Begin PBXProject section */
		AF90CB5D244919960083C6B5 /* Project object */ = {
			isa = PBXProject;
			attributes = {
				LastSwiftUpdateCheck = 1140;
				LastUpgradeCheck = 1140;
				ORGANIZATIONNAME = "Mike Di’ Lulo";
				TargetAttributes = {
					AF90CB64244919960083C6B5 = {
						CreatedOnToolsVersion = 11.4.1;
					};
				};
			};
			buildConfigurationList = AF90CB60244919960083C6B5 /* Build configuration list for PBXProject "quizzler-app" */;
			compatibilityVersion = "Xcode 9.3";
			developmentRegion = en;
			hasScannedForEncodings = 0;
			knownRegions = (
				en,
				Base,
			);
			mainGroup = AF90CB5C244919960083C6B5;
			productRefGroup = AF90CB66244919960083C6B5 /* Products */;
			projectDirPath = "";
			projectRoot = "";
			targets = (
				AF90CB64244919960083C6B5 /* quizzler-app */,
			);
		};
/* End PBXProject section */

/* Begin PBXResourcesBuildPhase section */
		AF90CB63244919960083C6B5 /* Resources */ = {
			isa = PBXResourcesBuildPhase;
			buildActionMask = 2147483647;
			files = (
				AF90CB75244919970083C6B5 /* LaunchScreen.storyboard in Resources */,
				AF90CB72244919970083C6B5 /* Assets.xcassets in Resources */,
				AF90CB70244919960083C6B5 /* Main.storyboard in Resources */,
			);
			runOnlyForDeploymentPostprocessing = 0;
		};
/* End PBXResourcesBuildPhase section */

/* Begin PBXSourcesBuildPhase section */
		AF90CB61244919960083C6B5 /* Sources */ = {
			isa = PBXSourcesBuildPhase;
			buildActionMask = 2147483647;
			files = (
				AFDA97E6244A552100D6962D /* QuizBrain.swift in Sources */,
				AF90CB6D244919960083C6B5 /* ViewController.swift in Sources */,
				AFDA97E1244A481F00D6962D /* Question.swift in Sources */,
				AF90CB69244919960083C6B5 /* AppDelegate.swift in Sources */,
				AF90CB6B244919960083C6B5 /* SceneDelegate.swift in Sources */,
			);
			runOnlyForDeploymentPostprocessing = 0;
		};
/* End PBXSourcesBuildPhase section */

/* Begin PBXVariantGroup section */
		AF90CB6E244919960083C6B5 /* Main.storyboard */ = {
			isa = PBXVariantGroup;
			children = (
				AF90CB6F244919960083C6B5 /* Base */,
			);
			name = Main.storyboard;
			sourceTree = "<group>";
		};
		AF90CB73244919970083C6B5 /* LaunchScreen.storyboard */ = {
			isa = PBXVariantGroup;
			children = (
				AF90CB74244919970083C6B5 /* Base */,
			);
			name = LaunchScreen.storyboard;
			sourceTree = "<group>";
		};
/* End PBXVariantGroup section */

/* Begin XCBuildConfiguration section */
		AF90CB77244919970083C6B5 /* Debug */ = {
			isa = XCBuildConfiguration;
			buildSettings = {
				ALWAYS_SEARCH_USER_PATHS = NO;
				CLANG_ANALYZER_NONNULL = YES;
				CLANG_ANALYZER_NUMBER_OBJECT_CONVERSION = YES_AGGRESSIVE;
				CLANG_CXX_LANGUAGE_STANDARD = "gnu++14";
				CLANG_CXX_LIBRARY = "libc++";
				CLANG_ENABLE_MODULES = YES;
				CLANG_ENABLE_OBJC_ARC = YES;
				CLANG_ENABLE_OBJC_WEAK = YES;
				CLANG_WARN_BLOCK_CAPTURE_AUTORELEASING = YES;
				CLANG_WARN_BOOL_CONVERSION = YES;
				CLANG_WARN_COMMA = YES;
				CLANG_WARN_CONSTANT_CONVERSION = YES;
				CLANG_WARN_DEPRECATED_OBJC_IMPLEMENTATIONS = YES;
				CLANG_WARN_DIRECT_OBJC_ISA_USAGE = YES_ERROR;
				CLANG_WARN_DOCUMENTATION_COMMENTS = YES;
				CLANG_WARN_EMPTY_BODY = YES;
				CLANG_WARN_ENUM_CONVERSION = YES;
				CLANG_WARN_INFINITE_RECURSION = YES;
				CLANG_WARN_INT_CONVERSION = YES;
				CLANG_WARN_NON_LITERAL_NULL_CONVERSION = YES;
				CLANG_WARN_OBJC_IMPLICIT_RETAIN_SELF = YES;
				CLANG_WARN_OBJC_LITERAL_CONVERSION = YES;
				CLANG_WARN_OBJC_ROOT_CLASS = YES_ERROR;
				CLANG_WARN_RANGE_LOOP_ANALYSIS = YES;
				CLANG_WARN_STRICT_PROTOTYPES = YES;
				CLANG_WARN_SUSPICIOUS_MOVE = YES;
				CLANG_WARN_UNGUARDED_AVAILABILITY = YES_AGGRESSIVE;
				CLANG_WARN_UNREACHABLE_CODE = YES;
				CLANG_WARN__DUPLICATE_METHOD_MATCH = YES;
				COPY_PHASE_STRIP = NO;
				DEBUG_INFORMATION_FORMAT = dwarf;
				ENABLE_STRICT_OBJC_MSGSEND = YES;
				ENABLE_TESTABILITY = YES;
				GCC_C_LANGUAGE_STANDARD = gnu11;
				GCC_DYNAMIC_NO_PIC = NO;
				GCC_NO_COMMON_BLOCKS = YES;
				GCC_OPTIMIZATION_LEVEL = 0;
				GCC_PREPROCESSOR_DEFINITIONS = (
					"DEBUG=1",
					"$(inherited)",
				);
				GCC_WARN_64_TO_32_BIT_CONVERSION = YES;
				GCC_WARN_ABOUT_RETURN_TYPE = YES_ERROR;
				GCC_WARN_UNDECLARED_SELECTOR = YES;
				GCC_WARN_UNINITIALIZED_AUTOS = YES_AGGRESSIVE;
				GCC_WARN_UNUSED_FUNCTION = YES;
				GCC_WARN_UNUSED_VARIABLE = YES;
				IPHONEOS_DEPLOYMENT_TARGET = 13.4;
				MTL_ENABLE_DEBUG_INFO = INCLUDE_SOURCE;
				MTL_FAST_MATH = YES;
				ONLY_ACTIVE_ARCH = YES;
				SDKROOT = iphoneos;
				SWIFT_ACTIVE_COMPILATION_CONDITIONS = DEBUG;
				SWIFT_OPTIMIZATION_LEVEL = "-Onone";
			};
			name = Debug;
		};
		AF90CB78244919970083C6B5 /* Release */ = {
			isa = XCBuildConfiguration;
			buildSettings = {
				ALWAYS_SEARCH_USER_PATHS = NO;
				CLANG_ANALYZER_NONNULL = YES;
				CLANG_ANALYZER_NUMBER_OBJECT_CONVERSION = YES_AGGRESSIVE;
				CLANG_CXX_LANGUAGE_STANDARD = "gnu++14";
				CLANG_CXX_LIBRARY = "libc++";
				CLANG_ENABLE_MODULES = YES;
				CLANG_ENABLE_OBJC_ARC = YES;
				CLANG_ENABLE_OBJC_WEAK = YES;
				CLANG_WARN_BLOCK_CAPTURE_AUTORELEASING = YES;
				CLANG_WARN_BOOL_CONVERSION = YES;
				CLANG_WARN_COMMA = YES;
				CLANG_WARN_CONSTANT_CONVERSION = YES;
				CLANG_WARN_DEPRECATED_OBJC_IMPLEMENTATIONS = YES;
				CLANG_WARN_DIRECT_OBJC_ISA_USAGE = YES_ERROR;
				CLANG_WARN_DOCUMENTATION_COMMENTS = YES;
				CLANG_WARN_EMPTY_BODY = YES;
				CLANG_WARN_ENUM_CONVERSION = YES;
				CLANG_WARN_INFINITE_RECURSION = YES;
				CLANG_WARN_INT_CONVERSION = YES;
				CLANG_WARN_NON_LITERAL_NULL_CONVERSION = YES;
				CLANG_WARN_OBJC_IMPLICIT_RETAIN_SELF = YES;
				CLANG_WARN_OBJC_LITERAL_CONVERSION = YES;
				CLANG_WARN_OBJC_ROOT_CLASS = YES_ERROR;
				CLANG_WARN_RANGE_LOOP_ANALYSIS = YES;
				CLANG_WARN_STRICT_PROTOTYPES = YES;
				CLANG_WARN_SUSPICIOUS_MOVE = YES;
				CLANG_WARN_UNGUARDED_AVAILABILITY = YES_AGGRESSIVE;
				CLANG_WARN_UNREACHABLE_CODE = YES;
				CLANG_WARN__DUPLICATE_METHOD_MATCH = YES;
				COPY_PHASE_STRIP = NO;
				DEBUG_INFORMATION_FORMAT = "dwarf-with-dsym";
				ENABLE_NS_ASSERTIONS = NO;
				ENABLE_STRICT_OBJC_MSGSEND = YES;
				GCC_C_LANGUAGE_STANDARD = gnu11;
				GCC_NO_COMMON_BLOCKS = YES;
				GCC_WARN_64_TO_32_BIT_CONVERSION = YES;
				GCC_WARN_ABOUT_RETURN_TYPE = YES_ERROR;
				GCC_WARN_UNDECLARED_SELECTOR = YES;
				GCC_WARN_UNINITIALIZED_AUTOS = YES_AGGRESSIVE;
				GCC_WARN_UNUSED_FUNCTION = YES;
				GCC_WARN_UNUSED_VARIABLE = YES;
				IPHONEOS_DEPLOYMENT_TARGET = 13.4;
				MTL_ENABLE_DEBUG_INFO = NO;
				MTL_FAST_MATH = YES;
				SDKROOT = iphoneos;
				SWIFT_COMPILATION_MODE = wholemodule;
				SWIFT_OPTIMIZATION_LEVEL = "-O";
				VALIDATE_PRODUCT = YES;
			};
			name = Release;
		};
		AF90CB7A244919970083C6B5 /* Debug */ = {
			isa = XCBuildConfiguration;
			buildSettings = {
				ASSETCATALOG_COMPILER_APPICON_NAME = AppIcon;
				CODE_SIGN_STYLE = Automatic;
				DEVELOPMENT_TEAM = PQ2469A2C4;
				INFOPLIST_FILE = "quizzler-app/Info.plist";
				LD_RUNPATH_SEARCH_PATHS = (
					"$(inherited)",
					"@executable_path/Frameworks",
				);
				PRODUCT_BUNDLE_IDENTIFIER = "com.michaeldilulo.quizzler-app";
				PRODUCT_NAME = "$(TARGET_NAME)";
				SWIFT_VERSION = 5.0;
				TARGETED_DEVICE_FAMILY = "1,2";
			};
			name = Debug;
		};
		AF90CB7B244919970083C6B5 /* Release */ = {
			isa = XCBuildConfiguration;
			buildSettings = {
				ASSETCATALOG_COMPILER_APPICON_NAME = AppIcon;
				CODE_SIGN_STYLE = Automatic;
				DEVELOPMENT_TEAM = PQ2469A2C4;
				INFOPLIST_FILE = "quizzler-app/Info.plist";
				LD_RUNPATH_SEARCH_PATHS = (
					"$(inherited)",
					"@executable_path/Frameworks",
				);
				PRODUCT_BUNDLE_IDENTIFIER = "com.michaeldilulo.quizzler-app";
				PRODUCT_NAME = "$(TARGET_NAME)";
				SWIFT_VERSION = 5.0;
				TARGETED_DEVICE_FAMILY = "1,2";
			};
			name = Release;
		};
/* End XCBuildConfiguration section */

/* Begin XCConfigurationList section */
		AF90CB60244919960083C6B5 /* Build configuration list for PBXProject "quizzler-app" */ = {
			isa = XCConfigurationList;
			buildConfigurations = (
				AF90CB77244919970083C6B5 /* Debug */,
				AF90CB78244919970083C6B5 /* Release */,
			);
			defaultConfigurationIsVisible = 0;
			defaultConfigurationName = Release;
		};
		AF90CB79244919970083C6B5 /* Build configuration list for PBXNativeTarget "quizzler-app" */ = {
			isa = XCConfigurationList;
			buildConfigurations = (
				AF90CB7A244919970083C6B5 /* Debug */,
				AF90CB7B244919970083C6B5 /* Release */,
			);
			defaultConfigurationIsVisible = 0;
			defaultConfigurationName = Release;
		};
/* End XCConfigurationList section */
	};
	rootObject = AF90CB5D244919960083C6B5 /* Project object */;
}
